
Microsoft Visual Studio Solution File, Format Version 12.00
Project("{FAE04EC0-301F-11D3-BF4B-00C04F79EFBC}") = "AoC24.Tests", "tests\AoC24.Tests\AoC24.Tests.csproj", "{9B76C595-CC5D-4FDE-AD00-D666950CD1A0}"
EndProject
Project("{2150E333-8FDC-42A3-9474-1A3956D46DE8}") = "src", "src", "{41DAEC15-D4AB-49C2-A896-61C5FC228847}"
EndProject
Project("{2150E333-8FDC-42A3-9474-1A3956D46DE8}") = "tests", "tests", "{1F4C3887-A322-4DD8-8022-B4202AC53075}"
EndProject
Project("{2150E333-8FDC-42A3-9474-1A3956D46DE8}") = "Core", "Core", "{7EE64E99-3CC1-4F6C-B3C6-9CF23198D469}"
EndProject
Project("{2150E333-8FDC-42A3-9474-1A3956D46DE8}") = "Days", "Days", "{E01E4953-CC66-4C1C-B735-9E32CDAFD273}"
EndProject
Project("{FAE04EC0-301F-11D3-BF4B-00C04F79EFBC}") = "Days.Example", "src\Days\Days.Example\Days.Example.csproj", "{7B6FAC52-38DC-4131-B940-3A9415B267A8}"
EndProject
Project("{FAE04EC0-301F-11D3-BF4B-00C04F79EFBC}") = "Core.Runner", "src\Core\Core.Runner\Core.Runner.csproj", "{E2CB70BA-61DA-49F9-B2BC-99D1533202C2}"
EndProject
Project("{2150E333-8FDC-42A3-9474-1A3956D46DE8}") = "Common", "Common", "{A983CD42-6476-4736-9C90-6D7312657ADF}"
EndProject
Project("{FAE04EC0-301F-11D3-BF4B-00C04F79EFBC}") = "Common.File", "src\Common.File\Common.File.csproj", "{AB4EB4C1-BD18-4E00-AF1D-7F8BC2253312}"
EndProject
Project("{FAE04EC0-301F-11D3-BF4B-00C04F79EFBC}") = "Days.One", "src\Days\Days.One\Days.One.csproj", "{911CC543-7BCE-4D5E-9D8E-93DFE15029AC}"
EndProject
Project("{FAE04EC0-301F-11D3-BF4B-00C04F79EFBC}") = "Common.Benchmark", "src\Common.Benchmark\Common.Benchmark.csproj", "{28F491E5-835E-4389-9610-B63B25CD4DCA}"
EndProject
Project("{FAE04EC0-301F-11D3-BF4B-00C04F79EFBC}") = "Common.Text", "src\Common.Text\Common.Text.csproj", "{075D37C8-5F5B-4E28-BA37-D784540941D3}"
EndProject
Project("{FAE04EC0-301F-11D3-BF4B-00C04F79EFBC}") = "Common.Benchmark.Abstractions", "src\Common.Benchmark.Abstractions\Common.Benchmark.Abstractions.csproj", "{2967FA8D-33ED-468A-842B-078A30D5AF51}"
EndProject
Project("{FAE04EC0-301F-11D3-BF4B-00C04F79EFBC}") = "Days.Two", "src\Days\Days.Two\Days.Two.csproj", "{E8A75ECE-B798-446F-BBB9-39BE72A6ED5F}"
EndProject
Project("{FAE04EC0-301F-11D3-BF4B-00C04F79EFBC}") = "Days.Three", "src\Days\Days.Three\Days.Three.csproj", "{D5369AB9-6F5D-480E-95B6-689F0B3C280D}"
EndProject
Project("{FAE04EC0-301F-11D3-BF4B-00C04F79EFBC}") = "Days.Four", "src\Days\Days.Four\Days.Four.csproj", "{07F8AF23-7A83-4BB6-BFF4-09CAF5876E21}"
EndProject
Project("{FAE04EC0-301F-11D3-BF4B-00C04F79EFBC}") = "Days.Five", "src\Days\Days.Five\Days.Five.csproj", "{E2E878B6-5F59-4B0D-834F-D1E0AED09C6D}"
EndProject
Project("{FAE04EC0-301F-11D3-BF4B-00C04F79EFBC}") = "Days.Six", "src\Days\Days.Six\Days.Six.csproj", "{CE41BD05-11C5-476D-B66E-046E5D05E5B6}"
EndProject
Project("{FAE04EC0-301F-11D3-BF4B-00C04F79EFBC}") = "Days.Seven", "src\Days\Days.Seven\Days.Seven.csproj", "{CD1A2F21-E290-40E2-B60E-22E1394BC06C}"
EndProject
Global
	GlobalSection(SolutionConfigurationPlatforms) = preSolution
		Debug|Any CPU = Debug|Any CPU
		Release|Any CPU = Release|Any CPU
	EndGlobalSection
	GlobalSection(ProjectConfigurationPlatforms) = postSolution
		{9B76C595-CC5D-4FDE-AD00-D666950CD1A0}.Debug|Any CPU.ActiveCfg = Debug|Any CPU
		{9B76C595-CC5D-4FDE-AD00-D666950CD1A0}.Debug|Any CPU.Build.0 = Debug|Any CPU
		{9B76C595-CC5D-4FDE-AD00-D666950CD1A0}.Release|Any CPU.ActiveCfg = Release|Any CPU
		{9B76C595-CC5D-4FDE-AD00-D666950CD1A0}.Release|Any CPU.Build.0 = Release|Any CPU
		{7B6FAC52-38DC-4131-B940-3A9415B267A8}.Debug|Any CPU.ActiveCfg = Debug|Any CPU
		{7B6FAC52-38DC-4131-B940-3A9415B267A8}.Debug|Any CPU.Build.0 = Debug|Any CPU
		{7B6FAC52-38DC-4131-B940-3A9415B267A8}.Release|Any CPU.ActiveCfg = Release|Any CPU
		{7B6FAC52-38DC-4131-B940-3A9415B267A8}.Release|Any CPU.Build.0 = Release|Any CPU
		{E2CB70BA-61DA-49F9-B2BC-99D1533202C2}.Debug|Any CPU.ActiveCfg = Debug|Any CPU
		{E2CB70BA-61DA-49F9-B2BC-99D1533202C2}.Debug|Any CPU.Build.0 = Debug|Any CPU
		{E2CB70BA-61DA-49F9-B2BC-99D1533202C2}.Release|Any CPU.ActiveCfg = Release|Any CPU
		{E2CB70BA-61DA-49F9-B2BC-99D1533202C2}.Release|Any CPU.Build.0 = Release|Any CPU
		{AB4EB4C1-BD18-4E00-AF1D-7F8BC2253312}.Debug|Any CPU.ActiveCfg = Debug|Any CPU
		{AB4EB4C1-BD18-4E00-AF1D-7F8BC2253312}.Debug|Any CPU.Build.0 = Debug|Any CPU
		{AB4EB4C1-BD18-4E00-AF1D-7F8BC2253312}.Release|Any CPU.ActiveCfg = Release|Any CPU
		{AB4EB4C1-BD18-4E00-AF1D-7F8BC2253312}.Release|Any CPU.Build.0 = Release|Any CPU
		{911CC543-7BCE-4D5E-9D8E-93DFE15029AC}.Debug|Any CPU.ActiveCfg = Debug|Any CPU
		{911CC543-7BCE-4D5E-9D8E-93DFE15029AC}.Debug|Any CPU.Build.0 = Debug|Any CPU
		{911CC543-7BCE-4D5E-9D8E-93DFE15029AC}.Release|Any CPU.ActiveCfg = Release|Any CPU
		{911CC543-7BCE-4D5E-9D8E-93DFE15029AC}.Release|Any CPU.Build.0 = Release|Any CPU
		{28F491E5-835E-4389-9610-B63B25CD4DCA}.Debug|Any CPU.ActiveCfg = Debug|Any CPU
		{28F491E5-835E-4389-9610-B63B25CD4DCA}.Debug|Any CPU.Build.0 = Debug|Any CPU
		{28F491E5-835E-4389-9610-B63B25CD4DCA}.Release|Any CPU.ActiveCfg = Release|Any CPU
		{28F491E5-835E-4389-9610-B63B25CD4DCA}.Release|Any CPU.Build.0 = Release|Any CPU
		{075D37C8-5F5B-4E28-BA37-D784540941D3}.Debug|Any CPU.ActiveCfg = Debug|Any CPU
		{075D37C8-5F5B-4E28-BA37-D784540941D3}.Debug|Any CPU.Build.0 = Debug|Any CPU
		{075D37C8-5F5B-4E28-BA37-D784540941D3}.Release|Any CPU.ActiveCfg = Release|Any CPU
		{075D37C8-5F5B-4E28-BA37-D784540941D3}.Release|Any CPU.Build.0 = Release|Any CPU
		{2967FA8D-33ED-468A-842B-078A30D5AF51}.Debug|Any CPU.ActiveCfg = Debug|Any CPU
		{2967FA8D-33ED-468A-842B-078A30D5AF51}.Debug|Any CPU.Build.0 = Debug|Any CPU
		{2967FA8D-33ED-468A-842B-078A30D5AF51}.Release|Any CPU.ActiveCfg = Release|Any CPU
		{2967FA8D-33ED-468A-842B-078A30D5AF51}.Release|Any CPU.Build.0 = Release|Any CPU
		{E8A75ECE-B798-446F-BBB9-39BE72A6ED5F}.Debug|Any CPU.ActiveCfg = Debug|Any CPU
		{E8A75ECE-B798-446F-BBB9-39BE72A6ED5F}.Debug|Any CPU.Build.0 = Debug|Any CPU
		{E8A75ECE-B798-446F-BBB9-39BE72A6ED5F}.Release|Any CPU.ActiveCfg = Release|Any CPU
		{E8A75ECE-B798-446F-BBB9-39BE72A6ED5F}.Release|Any CPU.Build.0 = Release|Any CPU
		{D5369AB9-6F5D-480E-95B6-689F0B3C280D}.Debug|Any CPU.ActiveCfg = Debug|Any CPU
		{D5369AB9-6F5D-480E-95B6-689F0B3C280D}.Debug|Any CPU.Build.0 = Debug|Any CPU
		{D5369AB9-6F5D-480E-95B6-689F0B3C280D}.Release|Any CPU.ActiveCfg = Release|Any CPU
		{D5369AB9-6F5D-480E-95B6-689F0B3C280D}.Release|Any CPU.Build.0 = Release|Any CPU
		{07F8AF23-7A83-4BB6-BFF4-09CAF5876E21}.Debug|Any CPU.ActiveCfg = Debug|Any CPU
		{07F8AF23-7A83-4BB6-BFF4-09CAF5876E21}.Debug|Any CPU.Build.0 = Debug|Any CPU
		{07F8AF23-7A83-4BB6-BFF4-09CAF5876E21}.Release|Any CPU.ActiveCfg = Release|Any CPU
		{07F8AF23-7A83-4BB6-BFF4-09CAF5876E21}.Release|Any CPU.Build.0 = Release|Any CPU
		{E2E878B6-5F59-4B0D-834F-D1E0AED09C6D}.Debug|Any CPU.ActiveCfg = Debug|Any CPU
		{E2E878B6-5F59-4B0D-834F-D1E0AED09C6D}.Debug|Any CPU.Build.0 = Debug|Any CPU
		{E2E878B6-5F59-4B0D-834F-D1E0AED09C6D}.Release|Any CPU.ActiveCfg = Release|Any CPU
		{E2E878B6-5F59-4B0D-834F-D1E0AED09C6D}.Release|Any CPU.Build.0 = Release|Any CPU
		{CE41BD05-11C5-476D-B66E-046E5D05E5B6}.Debug|Any CPU.ActiveCfg = Debug|Any CPU
		{CE41BD05-11C5-476D-B66E-046E5D05E5B6}.Debug|Any CPU.Build.0 = Debug|Any CPU
		{CE41BD05-11C5-476D-B66E-046E5D05E5B6}.Release|Any CPU.ActiveCfg = Release|Any CPU
		{CE41BD05-11C5-476D-B66E-046E5D05E5B6}.Release|Any CPU.Build.0 = Release|Any CPU
		{CD1A2F21-E290-40E2-B60E-22E1394BC06C}.Debug|Any CPU.ActiveCfg = Debug|Any CPU
		{CD1A2F21-E290-40E2-B60E-22E1394BC06C}.Debug|Any CPU.Build.0 = Debug|Any CPU
		{CD1A2F21-E290-40E2-B60E-22E1394BC06C}.Release|Any CPU.ActiveCfg = Release|Any CPU
		{CD1A2F21-E290-40E2-B60E-22E1394BC06C}.Release|Any CPU.Build.0 = Release|Any CPU
	EndGlobalSection
	GlobalSection(NestedProjects) = preSolution
		{9B76C595-CC5D-4FDE-AD00-D666950CD1A0} = {1F4C3887-A322-4DD8-8022-B4202AC53075}
		{7EE64E99-3CC1-4F6C-B3C6-9CF23198D469} = {41DAEC15-D4AB-49C2-A896-61C5FC228847}
		{E01E4953-CC66-4C1C-B735-9E32CDAFD273} = {41DAEC15-D4AB-49C2-A896-61C5FC228847}
		{7B6FAC52-38DC-4131-B940-3A9415B267A8} = {E01E4953-CC66-4C1C-B735-9E32CDAFD273}
		{E2CB70BA-61DA-49F9-B2BC-99D1533202C2} = {7EE64E99-3CC1-4F6C-B3C6-9CF23198D469}
		{A983CD42-6476-4736-9C90-6D7312657ADF} = {41DAEC15-D4AB-49C2-A896-61C5FC228847}
		{AB4EB4C1-BD18-4E00-AF1D-7F8BC2253312} = {A983CD42-6476-4736-9C90-6D7312657ADF}
		{911CC543-7BCE-4D5E-9D8E-93DFE15029AC} = {E01E4953-CC66-4C1C-B735-9E32CDAFD273}
		{28F491E5-835E-4389-9610-B63B25CD4DCA} = {A983CD42-6476-4736-9C90-6D7312657ADF}
		{075D37C8-5F5B-4E28-BA37-D784540941D3} = {A983CD42-6476-4736-9C90-6D7312657ADF}
		{2967FA8D-33ED-468A-842B-078A30D5AF51} = {A983CD42-6476-4736-9C90-6D7312657ADF}
		{E8A75ECE-B798-446F-BBB9-39BE72A6ED5F} = {E01E4953-CC66-4C1C-B735-9E32CDAFD273}
		{D5369AB9-6F5D-480E-95B6-689F0B3C280D} = {E01E4953-CC66-4C1C-B735-9E32CDAFD273}
		{07F8AF23-7A83-4BB6-BFF4-09CAF5876E21} = {E01E4953-CC66-4C1C-B735-9E32CDAFD273}
		{E2E878B6-5F59-4B0D-834F-D1E0AED09C6D} = {E01E4953-CC66-4C1C-B735-9E32CDAFD273}
		{CE41BD05-11C5-476D-B66E-046E5D05E5B6} = {E01E4953-CC66-4C1C-B735-9E32CDAFD273}
		{CD1A2F21-E290-40E2-B60E-22E1394BC06C} = {E01E4953-CC66-4C1C-B735-9E32CDAFD273}
	EndGlobalSection
EndGlobal
